
Microsoft Visual Studio Solution File, Format Version 12.00
# Visual Studio 14
VisualStudioVersion = 14.0.25420.1
MinimumVisualStudioVersion = 10.0.40219.1
Project("{FAE04EC0-301F-11D3-BF4B-00C04F79EFBC}") = "App.Data", "App.Data\App.Data.csproj", "{3E07E796-AEB0-471C-B95F-3F0D88F1290A}"
EndProject
Project("{FAE04EC0-301F-11D3-BF4B-00C04F79EFBC}") = "App.Infrastructure", "App.Infrastructure\App.Infrastructure.csproj", "{B490FAEB-97C8-4CA9-AFA5-CAAF3795FB2C}"
EndProject
Project("{FAE04EC0-301F-11D3-BF4B-00C04F79EFBC}") = "App.Repository", "App.Repository\App.Repository.csproj", "{F1E6206A-D729-4316-AB77-423C0ABAFBC4}"
EndProject
Project("{FAE04EC0-301F-11D3-BF4B-00C04F79EFBC}") = "App.Service", "App.Service\App.Service.csproj", "{2AFEF74B-9240-4C45-8F72-8CACCBFDF0A2}"
EndProject
Project("{FAE04EC0-301F-11D3-BF4B-00C04F79EFBC}") = "App.Mapper", "App.Mapper\App.Mapper.csproj", "{B6BB5788-EB9A-426B-94BF-EA93E163F2E1}"
EndProject
Project("{FAE04EC0-301F-11D3-BF4B-00C04F79EFBC}") = "App.ViewModel", "App.ViewModel\App.ViewModel.csproj", "{59EB016E-0380-48A2-9708-A29683558DDF}"
EndProject
Global
	GlobalSection(SolutionConfigurationPlatforms) = preSolution
		Debug|Any CPU = Debug|Any CPU
		Release|Any CPU = Release|Any CPU
	EndGlobalSection
	GlobalSection(ProjectConfigurationPlatforms) = postSolution
		{3E07E796-AEB0-471C-B95F-3F0D88F1290A}.Debug|Any CPU.ActiveCfg = Debug|Any CPU
		{3E07E796-AEB0-471C-B95F-3F0D88F1290A}.Debug|Any CPU.Build.0 = Debug|Any CPU
		{3E07E796-AEB0-471C-B95F-3F0D88F1290A}.Release|Any CPU.ActiveCfg = Release|Any CPU
		{3E07E796-AEB0-471C-B95F-3F0D88F1290A}.Release|Any CPU.Build.0 = Release|Any CPU
		{B490FAEB-97C8-4CA9-AFA5-CAAF3795FB2C}.Debug|Any CPU.ActiveCfg = Debug|Any CPU
		{B490FAEB-97C8-4CA9-AFA5-CAAF3795FB2C}.Debug|Any CPU.Build.0 = Debug|Any CPU
		{B490FAEB-97C8-4CA9-AFA5-CAAF3795FB2C}.Release|Any CPU.ActiveCfg = Release|Any CPU
		{B490FAEB-97C8-4CA9-AFA5-CAAF3795FB2C}.Release|Any CPU.Build.0 = Release|Any CPU
		{F1E6206A-D729-4316-AB77-423C0ABAFBC4}.Debug|Any CPU.ActiveCfg = Debug|Any CPU
		{F1E6206A-D729-4316-AB77-423C0ABAFBC4}.Debug|Any CPU.Build.0 = Debug|Any CPU
		{F1E6206A-D729-4316-AB77-423C0ABAFBC4}.Release|Any CPU.ActiveCfg = Release|Any CPU
		{F1E6206A-D729-4316-AB77-423C0ABAFBC4}.Release|Any CPU.Build.0 = Release|Any CPU
		{2AFEF74B-9240-4C45-8F72-8CACCBFDF0A2}.Debug|Any CPU.ActiveCfg = Debug|Any CPU
		{2AFEF74B-9240-4C45-8F72-8CACCBFDF0A2}.Debug|Any CPU.Build.0 = Debug|Any CPU
		{2AFEF74B-9240-4C45-8F72-8CACCBFDF0A2}.Release|Any CPU.ActiveCfg = Release|Any CPU
		{2AFEF74B-9240-4C45-8F72-8CACCBFDF0A2}.Release|Any CPU.Build.0 = Release|Any CPU
		{B6BB5788-EB9A-426B-94BF-EA93E163F2E1}.Debug|Any CPU.ActiveCfg = Debug|Any CPU
		{B6BB5788-EB9A-426B-94BF-EA93E163F2E1}.Debug|Any CPU.Build.0 = Debug|Any CPU
		{B6BB5788-EB9A-426B-94BF-EA93E163F2E1}.Release|Any CPU.ActiveCfg = Release|Any CPU
		{B6BB5788-EB9A-426B-94BF-EA93E163F2E1}.Release|Any CPU.Build.0 = Release|Any CPU
		{59EB016E-0380-48A2-9708-A29683558DDF}.Debug|Any CPU.ActiveCfg = Debug|Any CPU
		{59EB016E-0380-48A2-9708-A29683558DDF}.Debug|Any CPU.Build.0 = Debug|Any CPU
		{59EB016E-0380-48A2-9708-A29683558DDF}.Release|Any CPU.ActiveCfg = Release|Any CPU
		{59EB016E-0380-48A2-9708-A29683558DDF}.Release|Any CPU.Build.0 = Release|Any CPU
	EndGlobalSection
	GlobalSection(SolutionProperties) = preSolution
		HideSolutionNode = FALSE
	EndGlobalSection
EndGlobal
